
Microsoft Visual Studio Solution File, Format Version 12.00
# Visual Studio Version 17
VisualStudioVersion = 17.5.002.0
MinimumVisualStudioVersion = 10.0.40219.1
Project("{2150E333-8FDC-42A3-9474-1A3956D46DE8}") = "prepare", "prepare", "{663B06F8-9F28-414C-9250-55BAF98C5328}"
EndProject
Project("{9A19103F-16F7-4668-BE54-9A1E7A4F7556}") = "Learning02", "prepare\Learning02\Learning02.csproj", "{4AACBD75-6CA9-4278-8905-0B8F99E92497}"
EndProject
Project("{9A19103F-16F7-4668-BE54-9A1E7A4F7556}") = "Learning05", "prepare\Learning05\Learning05.csproj", "{9B4A725D-59CB-4C0C-9863-894C50F9FE53}"
EndProject
Project("{9A19103F-16F7-4668-BE54-9A1E7A4F7556}") = "Learning04", "prepare\Learning04\Learning04.csproj", "{AC153E16-8C25-4326-94F3-8A3532307A8D}"
EndProject
Project("{9A19103F-16F7-4668-BE54-9A1E7A4F7556}") = "Learning03", "prepare\Learning03\Learning03.csproj", "{C06865FC-D669-48F8-90B3-FB4ADC6DDD10}"
EndProject
Project("{2150E333-8FDC-42A3-9474-1A3956D46DE8}") = "prove", "prove", "{CC342E52-36F1-4D3B-8648-D251803E26BA}"
EndProject
Project("{9A19103F-16F7-4668-BE54-9A1E7A4F7556}") = "Develop03", "prove\Develop03\Develop03.csproj", "{354CB8A9-9088-45F1-B207-0295FE79EE31}"
EndProject
Project("{9A19103F-16F7-4668-BE54-9A1E7A4F7556}") = "Develop04", "prove\Develop04\Develop04.csproj", "{F49B463E-A0D3-46BA-BC0B-EDF9432E9993}"
EndProject
Project("{9A19103F-16F7-4668-BE54-9A1E7A4F7556}") = "Develop05", "prove\Develop05\Develop05.csproj", "{528D7FA5-F4FF-4B73-8BDD-CF1DFAF7BD03}"
EndProject
Project("{9A19103F-16F7-4668-BE54-9A1E7A4F7556}") = "Develop02", "prove\Develop02\Develop02.csproj", "{49C2CDDC-FF52-4078-B751-CD022CAAE133}"
EndProject
Project("{2150E333-8FDC-42A3-9474-1A3956D46DE8}") = "sandbox", "sandbox", "{6B60D0D2-A00B-423E-93C9-D279506A2E5B}"
EndProject
Project("{9A19103F-16F7-4668-BE54-9A1E7A4F7556}") = "Sandbox", "sandbox\Sandbox\Sandbox.csproj", "{775E68F3-5C89-4EEE-9AAB-EADF9A31EB67}"
EndProject
Project("{2150E333-8FDC-42A3-9474-1A3956D46DE8}") = "final", "final", "{B724D1FA-ADB0-49D8-87A6-0132F1577FF9}"
EndProject
Project("{9A19103F-16F7-4668-BE54-9A1E7A4F7556}") = "FinalProject", "final\FinalProject\FinalProject.csproj", "{12FA3EE1-F45D-4D9D-80A1-D6DACF6A1FC2}"
EndProject
Project("{9A19103F-16F7-4668-BE54-9A1E7A4F7556}") = "Foundation1", "final\Foundation1\Foundation1.csproj", "{7BF7C3AA-79AC-48FE-A4AC-23F5DEC83C78}"
EndProject
Project("{9A19103F-16F7-4668-BE54-9A1E7A4F7556}") = "Foundation4", "final\Foundation4\Foundation4.csproj", "{4A366799-F16B-45C6-BEE4-FD4F9AD7FC7B}"
EndProject
Project("{9A19103F-16F7-4668-BE54-9A1E7A4F7556}") = "Foundation3", "final\Foundation3\Foundation3.csproj", "{7E3FE4E1-49DD-449E-921A-36D21E213C19}"
EndProject
Project("{9A19103F-16F7-4668-BE54-9A1E7A4F7556}") = "Foundation2", "final\Foundation2\Foundation2.csproj", "{ABC03F55-AABC-46AE-948C-B6C38DC5E191}"
EndProject
Project("{2150E333-8FDC-42A3-9474-1A3956D46DE8}") = "csharp-prep", "csharp-prep", "{D9946680-8826-44F0-A535-05281F0D1B8C}"
EndProject
Project("{9A19103F-16F7-4668-BE54-9A1E7A4F7556}") = "Prep1", "csharp-prep\Prep1\Prep1.csproj", "{39CCCC9C-6EB5-40D1-B9AB-6B20663AFF86}"
EndProject
Project("{9A19103F-16F7-4668-BE54-9A1E7A4F7556}") = "Prep5", "csharp-prep\Prep5\Prep5.csproj", "{26695BE6-7AEB-43EC-8C64-B9EE2CEF09A7}"
EndProject
Project("{9A19103F-16F7-4668-BE54-9A1E7A4F7556}") = "Prep2", "csharp-prep\Prep2\Prep2.csproj", "{6BCD411F-49D3-4FF7-B811-772F578F57D3}"
EndProject
Project("{9A19103F-16F7-4668-BE54-9A1E7A4F7556}") = "Prep3", "csharp-prep\Prep3\Prep3.csproj", "{6E9D53E9-7307-4BFE-8FBD-36A392498D60}"
EndProject
Project("{9A19103F-16F7-4668-BE54-9A1E7A4F7556}") = "Prep4", "csharp-prep\Prep4\Prep4.csproj", "{D78DBD4E-4B0B-45B3-B591-C1610E74177C}"
EndProject
Global
	GlobalSection(SolutionConfigurationPlatforms) = preSolution
		Debug|Any CPU = Debug|Any CPU
		Release|Any CPU = Release|Any CPU
	EndGlobalSection
	GlobalSection(ProjectConfigurationPlatforms) = postSolution
		{4AACBD75-6CA9-4278-8905-0B8F99E92497}.Debug|Any CPU.ActiveCfg = Debug|Any CPU
		{4AACBD75-6CA9-4278-8905-0B8F99E92497}.Debug|Any CPU.Build.0 = Debug|Any CPU
		{4AACBD75-6CA9-4278-8905-0B8F99E92497}.Release|Any CPU.ActiveCfg = Release|Any CPU
		{4AACBD75-6CA9-4278-8905-0B8F99E92497}.Release|Any CPU.Build.0 = Release|Any CPU
		{9B4A725D-59CB-4C0C-9863-894C50F9FE53}.Debug|Any CPU.ActiveCfg = Debug|Any CPU
		{9B4A725D-59CB-4C0C-9863-894C50F9FE53}.Debug|Any CPU.Build.0 = Debug|Any CPU
		{9B4A725D-59CB-4C0C-9863-894C50F9FE53}.Release|Any CPU.ActiveCfg = Release|Any CPU
		{9B4A725D-59CB-4C0C-9863-894C50F9FE53}.Release|Any CPU.Build.0 = Release|Any CPU
		{AC153E16-8C25-4326-94F3-8A3532307A8D}.Debug|Any CPU.ActiveCfg = Debug|Any CPU
		{AC153E16-8C25-4326-94F3-8A3532307A8D}.Debug|Any CPU.Build.0 = Debug|Any CPU
		{AC153E16-8C25-4326-94F3-8A3532307A8D}.Release|Any CPU.ActiveCfg = Release|Any CPU
		{AC153E16-8C25-4326-94F3-8A3532307A8D}.Release|Any CPU.Build.0 = Release|Any CPU
		{C06865FC-D669-48F8-90B3-FB4ADC6DDD10}.Debug|Any CPU.ActiveCfg = Debug|Any CPU
		{C06865FC-D669-48F8-90B3-FB4ADC6DDD10}.Debug|Any CPU.Build.0 = Debug|Any CPU
		{C06865FC-D669-48F8-90B3-FB4ADC6DDD10}.Release|Any CPU.ActiveCfg = Release|Any CPU
		{C06865FC-D669-48F8-90B3-FB4ADC6DDD10}.Release|Any CPU.Build.0 = Release|Any CPU
		{354CB8A9-9088-45F1-B207-0295FE79EE31}.Debug|Any CPU.ActiveCfg = Debug|Any CPU
		{354CB8A9-9088-45F1-B207-0295FE79EE31}.Debug|Any CPU.Build.0 = Debug|Any CPU
		{354CB8A9-9088-45F1-B207-0295FE79EE31}.Release|Any CPU.ActiveCfg = Release|Any CPU
		{354CB8A9-9088-45F1-B207-0295FE79EE31}.Release|Any CPU.Build.0 = Release|Any CPU
		{F49B463E-A0D3-46BA-BC0B-EDF9432E9993}.Debug|Any CPU.ActiveCfg = Debug|Any CPU
		{F49B463E-A0D3-46BA-BC0B-EDF9432E9993}.Debug|Any CPU.Build.0 = Debug|Any CPU
		{F49B463E-A0D3-46BA-BC0B-EDF9432E9993}.Release|Any CPU.ActiveCfg = Release|Any CPU
		{F49B463E-A0D3-46BA-BC0B-EDF9432E9993}.Release|Any CPU.Build.0 = Release|Any CPU
		{528D7FA5-F4FF-4B73-8BDD-CF1DFAF7BD03}.Debug|Any CPU.ActiveCfg = Debug|Any CPU
		{528D7FA5-F4FF-4B73-8BDD-CF1DFAF7BD03}.Debug|Any CPU.Build.0 = Debug|Any CPU
		{528D7FA5-F4FF-4B73-8BDD-CF1DFAF7BD03}.Release|Any CPU.ActiveCfg = Release|Any CPU
		{528D7FA5-F4FF-4B73-8BDD-CF1DFAF7BD03}.Release|Any CPU.Build.0 = Release|Any CPU
		{49C2CDDC-FF52-4078-B751-CD022CAAE133}.Debug|Any CPU.ActiveCfg = Debug|Any CPU
		{49C2CDDC-FF52-4078-B751-CD022CAAE133}.Debug|Any CPU.Build.0 = Debug|Any CPU
		{49C2CDDC-FF52-4078-B751-CD022CAAE133}.Release|Any CPU.ActiveCfg = Release|Any CPU
		{49C2CDDC-FF52-4078-B751-CD022CAAE133}.Release|Any CPU.Build.0 = Release|Any CPU
		{775E68F3-5C89-4EEE-9AAB-EADF9A31EB67}.Debug|Any CPU.ActiveCfg = Debug|Any CPU
		{775E68F3-5C89-4EEE-9AAB-EADF9A31EB67}.Debug|Any CPU.Build.0 = Debug|Any CPU
		{775E68F3-5C89-4EEE-9AAB-EADF9A31EB67}.Release|Any CPU.ActiveCfg = Release|Any CPU
		{775E68F3-5C89-4EEE-9AAB-EADF9A31EB67}.Release|Any CPU.Build.0 = Release|Any CPU
		{12FA3EE1-F45D-4D9D-80A1-D6DACF6A1FC2}.Debug|Any CPU.ActiveCfg = Debug|Any CPU
		{12FA3EE1-F45D-4D9D-80A1-D6DACF6A1FC2}.Debug|Any CPU.Build.0 = Debug|Any CPU
		{12FA3EE1-F45D-4D9D-80A1-D6DACF6A1FC2}.Release|Any CPU.ActiveCfg = Release|Any CPU
		{12FA3EE1-F45D-4D9D-80A1-D6DACF6A1FC2}.Release|Any CPU.Build.0 = Release|Any CPU
		{7BF7C3AA-79AC-48FE-A4AC-23F5DEC83C78}.Debug|Any CPU.ActiveCfg = Debug|Any CPU
		{7BF7C3AA-79AC-48FE-A4AC-23F5DEC83C78}.Debug|Any CPU.Build.0 = Debug|Any CPU
		{7BF7C3AA-79AC-48FE-A4AC-23F5DEC83C78}.Release|Any CPU.ActiveCfg = Release|Any CPU
		{7BF7C3AA-79AC-48FE-A4AC-23F5DEC83C78}.Release|Any CPU.Build.0 = Release|Any CPU
		{4A366799-F16B-45C6-BEE4-FD4F9AD7FC7B}.Debug|Any CPU.ActiveCfg = Debug|Any CPU
		{4A366799-F16B-45C6-BEE4-FD4F9AD7FC7B}.Debug|Any CPU.Build.0 = Debug|Any CPU
		{4A366799-F16B-45C6-BEE4-FD4F9AD7FC7B}.Release|Any CPU.ActiveCfg = Release|Any CPU
		{4A366799-F16B-45C6-BEE4-FD4F9AD7FC7B}.Release|Any CPU.Build.0 = Release|Any CPU
		{7E3FE4E1-49DD-449E-921A-36D21E213C19}.Debug|Any CPU.ActiveCfg = Debug|Any CPU
		{7E3FE4E1-49DD-449E-921A-36D21E213C19}.Debug|Any CPU.Build.0 = Debug|Any CPU
		{7E3FE4E1-49DD-449E-921A-36D21E213C19}.Release|Any CPU.ActiveCfg = Release|Any CPU
		{7E3FE4E1-49DD-449E-921A-36D21E213C19}.Release|Any CPU.Build.0 = Release|Any CPU
		{ABC03F55-AABC-46AE-948C-B6C38DC5E191}.Debug|Any CPU.ActiveCfg = Debug|Any CPU
		{ABC03F55-AABC-46AE-948C-B6C38DC5E191}.Debug|Any CPU.Build.0 = Debug|Any CPU
		{ABC03F55-AABC-46AE-948C-B6C38DC5E191}.Release|Any CPU.ActiveCfg = Release|Any CPU
		{ABC03F55-AABC-46AE-948C-B6C38DC5E191}.Release|Any CPU.Build.0 = Release|Any CPU
		{39CCCC9C-6EB5-40D1-B9AB-6B20663AFF86}.Debug|Any CPU.ActiveCfg = Debug|Any CPU
		{39CCCC9C-6EB5-40D1-B9AB-6B20663AFF86}.Debug|Any CPU.Build.0 = Debug|Any CPU
		{39CCCC9C-6EB5-40D1-B9AB-6B20663AFF86}.Release|Any CPU.ActiveCfg = Release|Any CPU
		{39CCCC9C-6EB5-40D1-B9AB-6B20663AFF86}.Release|Any CPU.Build.0 = Release|Any CPU
		{26695BE6-7AEB-43EC-8C64-B9EE2CEF09A7}.Debug|Any CPU.ActiveCfg = Debug|Any CPU
		{26695BE6-7AEB-43EC-8C64-B9EE2CEF09A7}.Debug|Any CPU.Build.0 = Debug|Any CPU
		{26695BE6-7AEB-43EC-8C64-B9EE2CEF09A7}.Release|Any CPU.ActiveCfg = Release|Any CPU
		{26695BE6-7AEB-43EC-8C64-B9EE2CEF09A7}.Release|Any CPU.Build.0 = Release|Any CPU
		{6BCD411F-49D3-4FF7-B811-772F578F57D3}.Debug|Any CPU.ActiveCfg = Debug|Any CPU
		{6BCD411F-49D3-4FF7-B811-772F578F57D3}.Debug|Any CPU.Build.0 = Debug|Any CPU
		{6BCD411F-49D3-4FF7-B811-772F578F57D3}.Release|Any CPU.ActiveCfg = Release|Any CPU
		{6BCD411F-49D3-4FF7-B811-772F578F57D3}.Release|Any CPU.Build.0 = Release|Any CPU
		{6E9D53E9-7307-4BFE-8FBD-36A392498D60}.Debug|Any CPU.ActiveCfg = Debug|Any CPU
		{6E9D53E9-7307-4BFE-8FBD-36A392498D60}.Debug|Any CPU.Build.0 = Debug|Any CPU
		{6E9D53E9-7307-4BFE-8FBD-36A392498D60}.Release|Any CPU.ActiveCfg = Release|Any CPU
		{6E9D53E9-7307-4BFE-8FBD-36A392498D60}.Release|Any CPU.Build.0 = Release|Any CPU
		{D78DBD4E-4B0B-45B3-B591-C1610E74177C}.Debug|Any CPU.ActiveCfg = Debug|Any CPU
		{D78DBD4E-4B0B-45B3-B591-C1610E74177C}.Debug|Any CPU.Build.0 = Debug|Any CPU
		{D78DBD4E-4B0B-45B3-B591-C1610E74177C}.Release|Any CPU.ActiveCfg = Release|Any CPU
		{D78DBD4E-4B0B-45B3-B591-C1610E74177C}.Release|Any CPU.Build.0 = Release|Any CPU
	EndGlobalSection
	GlobalSection(SolutionProperties) = preSolution
		HideSolutionNode = FALSE
	EndGlobalSection
	GlobalSection(NestedProjects) = preSolution
		{4AACBD75-6CA9-4278-8905-0B8F99E92497} = {663B06F8-9F28-414C-9250-55BAF98C5328}
		{9B4A725D-59CB-4C0C-9863-894C50F9FE53} = {663B06F8-9F28-414C-9250-55BAF98C5328}
		{AC153E16-8C25-4326-94F3-8A3532307A8D} = {663B06F8-9F28-414C-9250-55BAF98C5328}
		{C06865FC-D669-48F8-90B3-FB4ADC6DDD10} = {663B06F8-9F28-414C-9250-55BAF98C5328}
		{354CB8A9-9088-45F1-B207-0295FE79EE31} = {CC342E52-36F1-4D3B-8648-D251803E26BA}
		{F49B463E-A0D3-46BA-BC0B-EDF9432E9993} = {CC342E52-36F1-4D3B-8648-D251803E26BA}
		{528D7FA5-F4FF-4B73-8BDD-CF1DFAF7BD03} = {CC342E52-36F1-4D3B-8648-D251803E26BA}
		{49C2CDDC-FF52-4078-B751-CD022CAAE133} = {CC342E52-36F1-4D3B-8648-D251803E26BA}
		{775E68F3-5C89-4EEE-9AAB-EADF9A31EB67} = {6B60D0D2-A00B-423E-93C9-D279506A2E5B}
		{12FA3EE1-F45D-4D9D-80A1-D6DACF6A1FC2} = {B724D1FA-ADB0-49D8-87A6-0132F1577FF9}
		{7BF7C3AA-79AC-48FE-A4AC-23F5DEC83C78} = {B724D1FA-ADB0-49D8-87A6-0132F1577FF9}
		{4A366799-F16B-45C6-BEE4-FD4F9AD7FC7B} = {B724D1FA-ADB0-49D8-87A6-0132F1577FF9}
		{7E3FE4E1-49DD-449E-921A-36D21E213C19} = {B724D1FA-ADB0-49D8-87A6-0132F1577FF9}
		{ABC03F55-AABC-46AE-948C-B6C38DC5E191} = {B724D1FA-ADB0-49D8-87A6-0132F1577FF9}
		{39CCCC9C-6EB5-40D1-B9AB-6B20663AFF86} = {D9946680-8826-44F0-A535-05281F0D1B8C}
		{26695BE6-7AEB-43EC-8C64-B9EE2CEF09A7} = {D9946680-8826-44F0-A535-05281F0D1B8C}
		{6BCD411F-49D3-4FF7-B811-772F578F57D3} = {D9946680-8826-44F0-A535-05281F0D1B8C}
		{6E9D53E9-7307-4BFE-8FBD-36A392498D60} = {D9946680-8826-44F0-A535-05281F0D1B8C}
		{D78DBD4E-4B0B-45B3-B591-C1610E74177C} = {D9946680-8826-44F0-A535-05281F0D1B8C}
	EndGlobalSection
	GlobalSection(ExtensibilityGlobals) = postSolution
		SolutionGuid = {D38C19A0-D439-4E50-9861-FBE2A6185DDF}
	EndGlobalSection
EndGlobal
